dependencies:
- name: redis
  repository: https://charts.bitnami.com/bitnami
  version: 20.6.3
- name: postgresql
  repository: https://charts.bitnami.com/bitnami
  version: 16.4.9
digest: sha256:ba31f721daaa23109026731e132ed83a6f6adc5aaf4b4fcd538d8ed967635cde
generated: "2026-03-16T21:16:20.979935224-07:00"
